
Microsoft Visual Studio Solution File, Format Version 12.00
# Visual Studio Version 17
VisualStudioVersion = 17.13.36105.23 d17.13
MinimumVisualStudioVersion = 10.0.40219.1
Project("{FAE04EC0-301F-11D3-BF4B-00C04F79EFBC}") = "InMemoryCaching", "InMemoryCaching\InMemoryCaching.csproj", "{D39BF901-1485-4631-80ED-E6C2DB64F035}"
EndProject
Project("{FAE04EC0-301F-11D3-BF4B-00C04F79EFBC}") = "DistributedCaching", "DistributedCaching\DistributedCaching.csproj", "{530A7ACB-E40E-4E0E-81A6-F16DE79B9022}"
EndProject
Global
	GlobalSection(SolutionConfigurationPlatforms) = preSolution
		Debug|Any CPU = Debug|Any CPU
		Release|Any CPU = Release|Any CPU
	EndGlobalSection
	GlobalSection(ProjectConfigurationPlatforms) = postSolution
		{D39BF901-1485-4631-80ED-E6C2DB64F035}.Debug|Any CPU.ActiveCfg = Debug|Any CPU
		{D39BF901-1485-4631-80ED-E6C2DB64F035}.Debug|Any CPU.Build.0 = Debug|Any CPU
		{D39BF901-1485-4631-80ED-E6C2DB64F035}.Release|Any CPU.ActiveCfg = Release|Any CPU
		{D39BF901-1485-4631-80ED-E6C2DB64F035}.Release|Any CPU.Build.0 = Release|Any CPU
		{530A7ACB-E40E-4E0E-81A6-F16DE79B9022}.Debug|Any CPU.ActiveCfg = Debug|Any CPU
		{530A7ACB-E40E-4E0E-81A6-F16DE79B9022}.Debug|Any CPU.Build.0 = Debug|Any CPU
		{530A7ACB-E40E-4E0E-81A6-F16DE79B9022}.Release|Any CPU.ActiveCfg = Release|Any CPU
		{530A7ACB-E40E-4E0E-81A6-F16DE79B9022}.Release|Any CPU.Build.0 = Release|Any CPU
	EndGlobalSection
	GlobalSection(SolutionProperties) = preSolution
		HideSolutionNode = FALSE
	EndGlobalSection
	GlobalSection(ExtensibilityGlobals) = postSolution
		SolutionGuid = {105E878D-5717-47BE-A0E1-0FBA2A39A8C2}
	EndGlobalSection
EndGlobal
